// !$*UTF8*$!
{
	archiveVersion = 1;
	classes = {
	};
	objectVersion = 46;
	objects = {

/* Begin PBXBuildFile section */
		9A661B7F1C4F325000F1AEFE /* AppDelegate.swift in Sources */ = {isa = PBXBuildFile; fileRef = 9A661B7E1C4F325000F1AEFE /* AppDelegate.swift */; };
		9A661B811C4F325000F1AEFE /* ViewController.swift in Sources */ = {isa = PBXBuildFile; fileRef = 9A661B801C4F325000F1AEFE /* ViewController.swift */; };
		9A661B841C4F325000F1AEFE /* Main.storyboard in Resources */ = {isa = PBXBuildFile; fileRef = 9A661B821C4F325000F1AEFE /* Main.storyboard */; };
		9A661B861C4F325000F1AEFE /* Assets.xcassets in Resources */ = {isa = PBXBuildFile; fileRef = 9A661B851C4F325000F1AEFE /* Assets.xcassets */; };
		9A661B891C4F325000F1AEFE /* LaunchScreen.storyboard in Resources */ = {isa = PBXBuildFile; fileRef = 9A661B871C4F325000F1AEFE /* LaunchScreen.storyboard */; };
		9A661B941C4F325000F1AEFE /* SomniAlertTests.swift in Sources */ = {isa = PBXBuildFile; fileRef = 9A661B931C4F325000F1AEFE /* SomniAlertTests.swift */; };
		9A661B9F1C4F325000F1AEFE /* SomniAlertUITests.swift in Sources */ = {isa = PBXBuildFile; fileRef = 9A661B9E1C4F325000F1AEFE /* SomniAlertUITests.swift */; };
		9A661BAE1C4F328B00F1AEFE /* somnialert.swift in Sources */ = {isa = PBXBuildFile; fileRef = 9A661BAD1C4F328B00F1AEFE /* somnialert.swift */; };
		ECF52F631C54131100FBC6BA /* SomniAlertIconset.xcassets in Resources */ = {isa = PBXBuildFile; fileRef = ECF52F621C54131100FBC6BA /* SomniAlertIconset.xcassets */; };
/* End PBXBuildFile section */

/* Begin PBXContainerItemProxy section */
		9A661B901C4F325000F1AEFE /* PBXContainerItemProxy */ = {
			isa = PBXContainerItemProxy;
			containerPortal = 9A661B731C4F325000F1AEFE /* Project object */;
			proxyType = 1;
			remoteGlobalIDString = 9A661B7A1C4F325000F1AEFE;
			remoteInfo = SomniAlert;
		};
		9A661B9B1C4F325000F1AEFE /* PBXContainerItemProxy */ = {
			isa = PBXContainerItemProxy;
			containerPortal = 9A661B731C4F325000F1AEFE /* Project object */;
			proxyType = 1;
			remoteGlobalIDString = 9A661B7A1C4F325000F1AEFE;
			remoteInfo = SomniAlert;
		};
/* End PBXContainerItemProxy section */

/* Begin PBXFileReference section */
		9A661B7B1C4F325000F1AEFE /* SomniAlert.app */ = {isa = PBXFileReference; explicitFileType = wrapper.application; includeInIndex = 0; path = SomniAlert.app; sourceTree = BUILT_PRODUCTS_DIR; };
		9A661B7E1C4F325000F1AEFE /* AppDelegate.swift */ = {isa = PBXFileReference; lastKnownFileType = sourcecode.swift; path = AppDelegate.swift; sourceTree = "<group>"; };
		9A661B801C4F325000F1AEFE /* ViewController.swift */ = {isa = PBXFileReference; lastKnownFileType = sourcecode.swift; path = ViewController.swift; sourceTree = "<group>"; };
		9A661B831C4F325000F1AEFE /* Base */ = {isa = PBXFileReference; lastKnownFileType = file.storyboard; name = Base; path = Base.lproj/Main.storyboard; sourceTree = "<group>"; };
		9A661B851C4F325000F1AEFE /* Assets.xcassets */ = {isa = PBXFileReference; lastKnownFileType = folder.assetcatalog; path = Assets.xcassets; sourceTree = "<group>"; };
		9A661B881C4F325000F1AEFE /* Base */ = {isa = PBXFileReference; lastKnownFileType = file.storyboard; name = Base; path = Base.lproj/LaunchScreen.storyboard; sourceTree = "<group>"; };
		9A661B8A1C4F325000F1AEFE /* Info.plist */ = {isa = PBXFileReference; lastKnownFileType = text.plist.xml; path = Info.plist; sourceTree = "<group>"; };
		9A661B8F1C4F325000F1AEFE /* SomniAlertTests.xctest */ = {isa = PBXFileReference; explicitFileType = wrapper.cfbundle; includeInIndex = 0; path = SomniAlertTests.xctest; sourceTree = BUILT_PRODUCTS_DIR; };
		9A661B931C4F325000F1AEFE /* SomniAlertTests.swift */ = {isa = PBXFileReference; lastKnownFileType = sourcecode.swift; path = SomniAlertTests.swift; sourceTree = "<group>"; };
		9A661B951C4F325000F1AEFE /* Info.plist */ = {isa = PBXFileReference; lastKnownFileType = text.plist.xml; path = Info.plist; sourceTree = "<group>"; };
		9A661B9A1C4F325000F1AEFE /* SomniAlertUITests.xctest */ = {isa = PBXFileReference; explicitFileType = wrapper.cfbundle; includeInIndex = 0; path = SomniAlertUITests.xctest; sourceTree = BUILT_PRODUCTS_DIR; };
		9A661B9E1C4F325000F1AEFE /* SomniAlertUITests.swift */ = {isa = PBXFileReference; lastKnownFileType = sourcecode.swift; path = SomniAlertUITests.swift; sourceTree = "<group>"; };
		9A661BA01C4F325000F1AEFE /* Info.plist */ = {isa = PBXFileReference; lastKnownFileType = text.plist.xml; path = Info.plist; sourceTree = "<group>"; };
		9A661BAD1C4F328B00F1AEFE /* somnialert.swift */ = {isa = PBXFileReference; fileEncoding = 4; lastKnownFileType = sourcecode.swift; name = somnialert.swift; path = ../../SomniAlertLibrary/somnialert.swift; sourceTree = "<group>"; };
		ECF52F621C54131100FBC6BA /* SomniAlertIconset.xcassets */ = {isa = PBXFileReference; lastKnownFileType = folder.assetcatalog; name = SomniAlertIconset.xcassets; path = ../../SomniAlertLibrary/SomniAlertIconset.xcassets; sourceTree = "<group>"; };
/* End PBXFileReference section */

/* Begin PBXFrameworksBuildPhase section */
		9A661B781C4F325000F1AEFE /* Frameworks */ = {
			isa = PBXFrameworksBuildPhase;
			buildActionMask = 2147483647;
			files = (
			);
			runOnlyForDeploymentPostprocessing = 0;
		};
		9A661B8C1C4F325000F1AEFE /* Frameworks */ = {
			isa = PBXFrameworksBuildPhase;
			buildActionMask = 2147483647;
			files = (
			);
			runOnlyForDeploymentPostprocessing = 0;
		};
		9A661B971C4F325000F1AEFE /* Frameworks */ = {
			isa = PBXFrameworksBuildPhase;
			buildActionMask = 2147483647;
			files = (
			);
			runOnlyForDeploymentPostprocessing = 0;
		};
/* End PBXFrameworksBuildPhase section */

/* Begin PBXGroup section */
		9A661B721C4F325000F1AEFE = {
			isa = PBXGroup;
			children = (
				9A661B7D1C4F325000F1AEFE /* SomniAlert */,
				9A661B921C4F325000F1AEFE /* SomniAlertTests */,
				9A661B9D1C4F325000F1AEFE /* SomniAlertUITests */,
				9A661B7C1C4F325000F1AEFE /* Products */,
			);
			sourceTree = "<group>";
		};
		9A661B7C1C4F325000F1AEFE /* Products */ = {
			isa = PBXGroup;
			children = (
				9A661B7B1C4F325000F1AEFE /* SomniAlert.app */,
				9A661B8F1C4F325000F1AEFE /* SomniAlertTests.xctest */,
				9A661B9A1C4F325000F1AEFE /* SomniAlertUITests.xctest */,
			);
			name = Products;
			sourceTree = "<group>";
		};
		9A661B7D1C4F325000F1AEFE /* SomniAlert */ = {
			isa = PBXGroup;
			children = (
				9A661BAC1C4F327900F1AEFE /* SomniAlert Library */,
				9A661B7E1C4F325000F1AEFE /* AppDelegate.swift */,
				9A661B801C4F325000F1AEFE /* ViewController.swift */,
				9A661B821C4F325000F1AEFE /* Main.storyboard */,
				9A661B851C4F325000F1AEFE /* Assets.xcassets */,
				9A661B871C4F325000F1AEFE /* LaunchScreen.storyboard */,
				9A661B8A1C4F325000F1AEFE /* Info.plist */,
			);
			path = SomniAlert;
			sourceTree = "<group>";
		};
		9A661B921C4F325000F1AEFE /* SomniAlertTests */ = {
			isa = PBXGroup;
			children = (
				9A661B931C4F325000F1AEFE /* SomniAlertTests.swift */,
				9A661B951C4F325000F1AEFE /* Info.plist */,
			);
			path = SomniAlertTests;
			sourceTree = "<group>";
		};
		9A661B9D1C4F325000F1AEFE /* SomniAlertUITests */ = {
			isa = PBXGroup;
			children = (
				9A661B9E1C4F325000F1AEFE /* SomniAlertUITests.swift */,
				9A661BA01C4F325000F1AEFE /* Info.plist */,
			);
			path = SomniAlertUITests;
			sourceTree = "<group>";
		};
		9A661BAC1C4F327900F1AEFE /* SomniAlert Library */ = {
			isa = PBXGroup;
			children = (
				9AF5C83A1C504C72001F8F32 /* Icons */,
				9A661BAD1C4F328B00F1AEFE /* somnialert.swift */,
				ECF52F621C54131100FBC6BA /* SomniAlertIconset.xcassets */,
			);
			name = "SomniAlert Library";
			sourceTree = "<group>";
		};
		9AF5C83A1C504C72001F8F32 /* Icons */ = {
			isa = PBXGroup;
			children = (
			);
			name = Icons;
			sourceTree = "<group>";
		};
/* End PBXGroup section */

/* Begin PBXNativeTarget section */
		9A661B7A1C4F325000F1AEFE /* SomniAlert */ = {
			isa = PBXNativeTarget;
			buildConfigurationList = 9A661BA31C4F325000F1AEFE /* Build configuration list for PBXNativeTarget "SomniAlert" */;
			buildPhases = (
				9A661B771C4F325000F1AEFE /* Sources */,
				9A661B781C4F325000F1AEFE /* Frameworks */,
				9A661B791C4F325000F1AEFE /* Resources */,
			);
			buildRules = (
			);
			dependencies = (
			);
			name = SomniAlert;
			productName = SomniAlert;
			productReference = 9A661B7B1C4F325000F1AEFE /* SomniAlert.app */;
			productType = "com.apple.product-type.application";
		};
		9A661B8E1C4F325000F1AEFE /* SomniAlertTests */ = {
			isa = PBXNativeTarget;
			buildConfigurationList = 9A661BA61C4F325000F1AEFE /* Build configuration list for PBXNativeTarget "SomniAlertTests" */;
			buildPhases = (
				9A661B8B1C4F325000F1AEFE /* Sources */,
				9A661B8C1C4F325000F1AEFE /* Frameworks */,
				9A661B8D1C4F325000F1AEFE /* Resources */,
			);
			buildRules = (
			);
			dependencies = (
				9A661B911C4F325000F1AEFE /* PBXTargetDependency */,
			);
			name = SomniAlertTests;
			productName = SomniAlertTests;
			productReference = 9A661B8F1C4F325000F1AEFE /* SomniAlertTests.xctest */;
			productType = "com.apple.product-type.bundle.unit-test";
		};
		9A661B991C4F325000F1AEFE /* SomniAlertUITests */ = {
			isa = PBXNativeTarget;
			buildConfigurationList = 9A661BA91C4F325000F1AEFE /* Build configuration list for PBXNativeTarget "SomniAlertUITests" */;
			buildPhases = (
				9A661B961C4F325000F1AEFE /* Sources */,
				9A661B971C4F325000F1AEFE /* Frameworks */,
				9A661B981C4F325000F1AEFE /* Resources */,
			);
			buildRules = (
			);
			dependencies = (
				9A661B9C1C4F325000F1AEFE /* PBXTargetDependency */,
			);
			name = SomniAlertUITests;
			productName = SomniAlertUITests;
			productReference = 9A661B9A1C4F325000F1AEFE /* SomniAlertUITests.xctest */;
			productType = "com.apple.product-type.bundle.ui-testing";
		};
/* End PBXNativeTarget section */

/* Begin PBXProject section */
		9A661B731C4F325000F1AEFE /* Project object */ = {
			isa = PBXProject;
			attributes = {
				LastSwiftUpdateCheck = 0720;
				LastUpgradeCheck = 0720;
				ORGANIZATIONNAME = Somnibyte;
				TargetAttributes = {
					9A661B7A1C4F325000F1AEFE = {
						CreatedOnToolsVersion = 7.2;
					};
					9A661B8E1C4F325000F1AEFE = {
						CreatedOnToolsVersion = 7.2;
						TestTargetID = 9A661B7A1C4F325000F1AEFE;
					};
					9A661B991C4F325000F1AEFE = {
						CreatedOnToolsVersion = 7.2;
						TestTargetID = 9A661B7A1C4F325000F1AEFE;
					};
				};
			};
			buildConfigurationList = 9A661B761C4F325000F1AEFE /* Build configuration list for PBXProject "SomniAlert" */;
			compatibilityVersion = "Xcode 3.2";
			developmentRegion = English;
			hasScannedForEncodings = 0;
			knownRegions = (
				en,
				Base,
			);
			mainGroup = 9A661B721C4F325000F1AEFE;
			productRefGroup = 9A661B7C1C4F325000F1AEFE /* Products */;
			projectDirPath = "";
			projectRoot = "";
			targets = (
				9A661B7A1C4F325000F1AEFE /* SomniAlert */,
				9A661B8E1C4F325000F1AEFE /* SomniAlertTests */,
				9A661B991C4F325000F1AEFE /* SomniAlertUITests */,
			);
		};
/* End PBXProject section */

/* Begin PBXResourcesBuildPhase section */
		9A661B791C4F325000F1AEFE /* Resources */ = {
			isa = PBXResourcesBuildPhase;
			buildActionMask = 2147483647;
			files = (
				9A661B891C4F325000F1AEFE /* LaunchScreen.storyboard in Resources */,
				9A661B861C4F325000F1AEFE /* Assets.xcassets in Resources */,
				9A661B841C4F325000F1AEFE /* Main.storyboard in Resources */,
				ECF52F631C54131100FBC6BA /* SomniAlertIconset.xcassets in Resources */,
			);
			runOnlyForDeploymentPostprocessing = 0;
		};
		9A661B8D1C4F325000F1AEFE /* Resources */ = {
			isa = PBXResourcesBuildPhase;
			buildActionMask = 2147483647;
			files = (
			);
			runOnlyForDeploymentPostprocessing = 0;
		};
		9A661B981C4F325000F1AEFE /* Resources */ = {
			isa = PBXResourcesBuildPhase;
			buildActionMask = 2147483647;
			files = (
			);
			runOnlyForDeploymentPostprocessing = 0;
		};
/* End PBXResourcesBuildPhase section */

/* Begin PBXSourcesBuildPhase section */
		9A661B771C4F325000F1AEFE /* Sources */ = {
			isa = PBXSourcesBuildPhase;
			buildActionMask = 2147483647;
			files = (
				9A661B811C4F325000F1AEFE /* ViewController.swift in Sources */,
				9A661B7F1C4F325000F1AEFE /* AppDelegate.swift in Sources */,
				9A661BAE1C4F328B00F1AEFE /* somnialert.swift in Sources */,
			);
			runOnlyForDeploymentPostprocessing = 0;
		};
		9A661B8B1C4F325000F1AEFE /* Sources */ = {
			isa = PBXSourcesBuildPhase;
			buildActionMask = 2147483647;
			files = (
				9A661B941C4F325000F1AEFE /* SomniAlertTests.swift in Sources */,
			);
			runOnlyForDeploymentPostprocessing = 0;
		};
		9A661B961C4F325000F1AEFE /* Sources */ = {
			isa = PBXSourcesBuildPhase;
			buildActionMask = 2147483647;
			files = (
				9A661B9F1C4F325000F1AEFE /* SomniAlertUITests.swift in Sources */,
			);
			runOnlyForDeploymentPostprocessing = 0;
		};
/* End PBXSourcesBuildPhase section */

/* Begin PBXTargetDependency section */
		9A661B911C4F325000F1AEFE /* PBXTargetDependency */ = {
			isa = PBXTargetDependency;
			target = 9A661B7A1C4F325000F1AEFE /* SomniAlert */;
			targetProxy = 9A661B901C4F325000F1AEFE /* PBXContainerItemProxy */;
		};
		9A661B9C1C4F325000F1AEFE /* PBXTargetDependency */ = {
			isa = PBXTargetDependency;
			target = 9A661B7A1C4F325000F1AEFE /* SomniAlert */;
			targetProxy = 9A661B9B1C4F325000F1AEFE /* PBXContainerItemProxy */;
		};
/* End PBXTargetDependency section */

/* Begin PBXVariantGroup section */
		9A661B821C4F325000F1AEFE /* Main.storyboard */ = {
			isa = PBXVariantGroup;
			children = (
				9A661B831C4F325000F1AEFE /* Base */,
			);
			name = Main.storyboard;
			sourceTree = "<group>";
		};
		9A661B871C4F325000F1AEFE /* LaunchScreen.storyboard */ = {
			isa = PBXVariantGroup;
			children = (
				9A661B881C4F325000F1AEFE /* Base */,
			);
			name = LaunchScreen.storyboard;
			sourceTree = "<group>";
		};
/* End PBXVariantGroup section */

/* Begin XCBuildConfiguration section */
		9A661BA11C4F325000F1AEFE /* Debug */ = {
			isa = XCBuildConfiguration;
			buildSettings = {
				ALWAYS_SEARCH_USER_PATHS = NO;
				CLANG_CXX_LANGUAGE_STANDARD = "gnu++0x";
				CLANG_CXX_LIBRARY = "libc++";
				CLANG_ENABLE_MODULES = YES;
				CLANG_ENABLE_OBJC_ARC = YES;
				CLANG_WARN_BOOL_CONVERSION = YES;
				CLANG_WARN_CONSTANT_CONVERSION = YES;
				CLANG_WARN_DIRECT_OBJC_ISA_USAGE = YES_ERROR;
				CLANG_WARN_EMPTY_BODY = YES;
				CLANG_WARN_ENUM_CONVERSION = YES;
				CLANG_WARN_INT_CONVERSION = YES;
				CLANG_WARN_OBJC_ROOT_CLASS = YES_ERROR;
				CLANG_WARN_UNREACHABLE_CODE = YES;
				CLANG_WARN__DUPLICATE_METHOD_MATCH = YES;
				"CODE_SIGN_IDENTITY[sdk=iphoneos*]" = "iPhone Developer";
				COPY_PHASE_STRIP = NO;
				DEBUG_INFORMATION_FORMAT = dwarf;
				ENABLE_STRICT_OBJC_MSGSEND = YES;
				ENABLE_TESTABILITY = YES;
				GCC_C_LANGUAGE_STANDARD = gnu99;
				GCC_DYNAMIC_NO_PIC = NO;
				GCC_NO_COMMON_BLOCKS = YES;
				GCC_OPTIMIZATION_LEVEL = 0;
				GCC_PREPROCESSOR_DEFINITIONS = (
					"DEBUG=1",
					"$(inherited)",
				);
				GCC_WARN_64_TO_32_BIT_CONVERSION = YES;
				GCC_WARN_ABOUT_RETURN_TYPE = YES_ERROR;
				GCC_WARN_UNDECLARED_SELECTOR = YES;
				GCC_WARN_UNINITIALIZED_AUTOS = YES_AGGRESSIVE;
				GCC_WARN_UNUSED_FUNCTION = YES;
				GCC_WARN_UNUSED_VARIABLE = YES;
				IPHONEOS_DEPLOYMENT_TARGET = 9.2;
				MTL_ENABLE_DEBUG_INFO = YES;
				ONLY_ACTIVE_ARCH = YES;
				SDKROOT = iphoneos;
				SWIFT_OPTIMIZATION_LEVEL = "-Onone";
				TARGETED_DEVICE_FAMILY = "1,2";
			};
			name = Debug;
		};
		9A661BA21C4F325000F1AEFE /* Release */ = {
			isa = XCBuildConfiguration;
			buildSettings = {
				ALWAYS_SEARCH_USER_PATHS = NO;
				CLANG_CXX_LANGUAGE_STANDARD = "gnu++0x";
				CLANG_CXX_LIBRARY = "libc++";
				CLANG_ENABLE_MODULES = YES;
				CLANG_ENABLE_OBJC_ARC = YES;
				CLANG_WARN_BOOL_CONVERSION = YES;
				CLANG_WARN_CONSTANT_CONVERSION = YES;
				CLANG_WARN_DIRECT_OBJC_ISA_USAGE = YES_ERROR;
				CLANG_WARN_EMPTY_BODY = YES;
				CLANG_WARN_ENUM_CONVERSION = YES;
				CLANG_WARN_INT_CONVERSION = YES;
				CLANG_WARN_OBJC_ROOT_CLASS = YES_ERROR;
				CLANG_WARN_UNREACHABLE_CODE = YES;
				CLANG_WARN__DUPLICATE_METHOD_MATCH = YES;
				"CODE_SIGN_IDENTITY[sdk=iphoneos*]" = "iPhone Developer";
				COPY_PHASE_STRIP = NO;
				DEBUG_INFORMATION_FORMAT = "dwarf-with-dsym";
				ENABLE_NS_ASSERTIONS = NO;
				ENABLE_STRICT_OBJC_MSGSEND = YES;
				GCC_C_LANGUAGE_STANDARD = gnu99;
				GCC_NO_COMMON_BLOCKS = YES;
				GCC_WARN_64_TO_32_BIT_CONVERSION = YES;
				GCC_WARN_ABOUT_RETURN_TYPE = YES_ERROR;
				GCC_WARN_UNDECLARED_SELECTOR = YES;
				GCC_WARN_UNINITIALIZED_AUTOS = YES_AGGRESSIVE;
				GCC_WARN_UNUSED_FUNCTION = YES;
				GCC_WARN_UNUSED_VARIABLE = YES;
				IPHONEOS_DEPLOYMENT_TARGET = 9.2;
				MTL_ENABLE_DEBUG_INFO = NO;
				SDKROOT = iphoneos;
				TARGETED_DEVICE_FAMILY = "1,2";
				VALIDATE_PRODUCT = YES;
			};
			name = Release;
		};
		9A661BA41C4F325000F1AEFE /* Debug */ = {
			isa = XCBuildConfiguration;
			buildSettings = {
				ASSETCATALOG_COMPILER_APPICON_NAME = AppIcon;
				INFOPLIST_FILE = SomniAlert/Info.plist;
				LD_RUNPATH_SEARCH_PATHS = "$(inherited) @executable_path/Frameworks";
				PRODUCT_BUNDLE_IDENTIFIER = com.example.SomniAlert;
				PRODUCT_NAME = "$(TARGET_NAME)";
			};
			name = Debug;
		};
		9A661BA51C4F325000F1AEFE /* Release */ = {
			isa = XCBuildConfiguration;
			buildSettings = {
				ASSETCATALOG_COMPILER_APPICON_NAME = AppIcon;
				INFOPLIST_FILE = SomniAlert/Info.plist;
				LD_RUNPATH_SEARCH_PATHS = "$(inherited) @executable_path/Frameworks";
				PRODUCT_BUNDLE_IDENTIFIER = com.example.SomniAlert;
				PRODUCT_NAME = "$(TARGET_NAME)";
			};
			name = Release;
		};
		9A661BA71C4F325000F1AEFE /* Debug */ = {
			isa = XCBuildConfiguration;
			buildSettings = {
				BUNDLE_LOADER = "$(TEST_HOST)";
				INFOPLIST_FILE = SomniAlertTests/Info.plist;
				LD_RUNPATH_SEARCH_PATHS = "$(inherited) @executable_path/Frameworks @loader_path/Frameworks";
				PRODUCT_BUNDLE_IDENTIFIER = com.example.SomniAlertTests;
				PRODUCT_NAME = "$(TARGET_NAME)";
				TEST_HOST = "$(BUILT_PRODUCTS_DIR)/SomniAlert.app/SomniAlert";
			};
			name = Debug;
		};
		9A661BA81C4F325000F1AEFE /* Release */ = {
			isa = XCBuildConfiguration;
			buildSettings = {
				BUNDLE_LOADER = "$(TEST_HOST)";
				INFOPLIST_FILE = SomniAlertTests/Info.plist;
				LD_RUNPATH_SEARCH_PATHS = "$(inherited) @executable_path/Frameworks @loader_path/Frameworks";
				PRODUCT_BUNDLE_IDENTIFIER = com.example.SomniAlertTests;
				PRODUCT_NAME = "$(TARGET_NAME)";
				TEST_HOST = "$(BUILT_PRODUCTS_DIR)/SomniAlert.app/SomniAlert";
			};
			name = Release;
		};
		9A661BAA1C4F325000F1AEFE /* Debug */ = {
			isa = XCBuildConfiguration;
			buildSettings = {
				INFOPLIST_FILE = SomniAlertUITests/Info.plist;
				LD_RUNPATH_SEARCH_PATHS = "$(inherited) @executable_path/Frameworks @loader_path/Frameworks";
				PRODUCT_BUNDLE_IDENTIFIER = com.example.SomniAlertUITests;
				PRODUCT_NAME = "$(TARGET_NAME)";
				TEST_TARGET_NAME = SomniAlert;
				USES_XCTRUNNER = YES;
			};
			name = Debug;
		};
		9A661BAB1C4F325000F1AEFE /* Release */ = {
			isa = XCBuildConfiguration;
			buildSettings = {
				INFOPLIST_FILE = SomniAlertUITests/Info.plist;
				LD_RUNPATH_SEARCH_PATHS = "$(inherited) @executable_path/Frameworks @loader_path/Frameworks";
				PRODUCT_BUNDLE_IDENTIFIER = com.example.SomniAlertUITests;
				PRODUCT_NAME = "$(TARGET_NAME)";
				TEST_TARGET_NAME = SomniAlert;
				USES_XCTRUNNER = YES;
			};
			name = Release;
		};
/* End XCBuildConfiguration section */

/* Begin XCConfigurationList section */
		9A661B761C4F325000F1AEFE /* Build configuration list for PBXProject "SomniAlert" */ = {
			isa = XCConfigurationList;
			buildConfigurations = (
				9A661BA11C4F325000F1AEFE /* Debug */,
				9A661BA21C4F325000F1AEFE /* Release */,
			);
			defaultConfigurationIsVisible = 0;
			defaultConfigurationName = Release;
		};
		9A661BA31C4F325000F1AEFE /* Build configuration list for PBXNativeTarget "SomniAlert" */ = {
			isa = XCConfigurationList;
			buildConfigurations = (
				9A661BA41C4F325000F1AEFE /* Debug */,
				9A661BA51C4F325000F1AEFE /* Release */,
			);
			defaultConfigurationIsVisible = 0;
			defaultConfigurationName = Release;
		};
		9A661BA61C4F325000F1AEFE /* Build configuration list for PBXNativeTarget "SomniAlertTests" */ = {
			isa = XCConfigurationList;
			buildConfigurations = (
				9A661BA71C4F325000F1AEFE /* Debug */,
				9A661BA81C4F325000F1AEFE /* Release */,
			);
			defaultConfigurationIsVisible = 0;
			defaultConfigurationName = Release;
		};
		9A661BA91C4F325000F1AEFE /* Build configuration list for PBXNativeTarget "SomniAlertUITests" */ = {
			isa = XCConfigurationList;
			buildConfigurations = (
				9A661BAA1C4F325000F1AEFE /* Debug */,
				9A661BAB1C4F325000F1AEFE /* Release */,
			);
			defaultConfigurationIsVisible = 0;
			defaultConfigurationName = Release;
		};
/* End XCConfigurationList section */
	};
	rootObject = 9A661B731C4F325000F1AEFE /* Project object */;
}
